version = 1
revision = 2
requires-python = ">=3.12"

[[package]]
name = "backend"
version = "0.1.0"
source = { editable = "." }
dependencies = [
    { name = "neo4j" },
    { name = "python-dotenv" },
]

[package.metadata]
requires-dist = [
    { name = "neo4j", specifier = ">=6.3.1" },
    { name = "python-dotenv", specifier = ">=1.2.3" },
]

[[package]]
name = "neo4j"
version = "6.3.1"
source = { registry = "https://pypi.org/simple" }
dependencies = [
    { name = "pytz" },
]
sdist = { url = "https://files.pythonhosted.org/packages/59/46/7a562799679d0c9bd3f12d28b43591eb953efc975e1241536733c5d8bcd3/neo4j-6.3.1.tar.gz", hash = "sha256:e75530ca0691d69916c56acdb7401df4ee9e1d5084cfcfb3ede796db38667dcd", size = 242885, upload-time = "2026-09-15T08:08:32.67Z" }
wheels = [
    { url = "https://files.pythonhosted.org/packages/08/a5/e33f76f4eb7e72c350e65802151884048325f889ab5d156ce4b6d9bde959/neo4j-6.3.1-py3-none-any.whl", hash = "sha256:a1b702d356f88885c27bdcf7dcd56af76423dbff4e26064e5bf5dbf47af53044", size = 331462, upload-time = "2026-09-15T08:08:31.252Z" },
]

[[package]]
name = "python-dotenv"
version = "1.2.3"
source = { registry = "https://pypi.org/simple" }
sdist = { url = "https://files.pythonhosted.org/packages/6a/53/ed9d74092561d4b01a2ef1349d52cdbc135e526c245f366b089cfca6de49/python_dotenv-1.2.3.tar.gz", hash = "sha256:a20a594dabeaa385725aa239d5244871c143ecb356add8a20fcf23773a6c3a35", size = 58945, upload-time = "2026-08-16T16:54:54.067Z" }
wheels = [
    { url = "https://files.pythonhosted.org/packages/0d/17/c5c6b53ddc18f297992099b3d9ec16c855c0ccc83263a21fe4d1c625ec6c/python_dotenv-1.2.3-py3-none-any.whl", hash = "sha256:904552145e8bfed22162c09dab1c2b9b54fefa7b23ba780f4f26ca0316b0f0d9", size = 22780, upload-time = "2026-08-16T16:54:52.473Z" },
]

[[package]]
name = "pytz"
version = "2026.3.post1"
source = { registry = "https://pypi.org/simple" }
sdist = { url = "https://files.pythonhosted.org/packages/fb/48/fb042503b6ca6cd271261dc559fd6432f7d8c713153e9ec5c591af4dfc1c/pytz-2026.3.post1.tar.gz", hash = "sha256:2211d3fcf9a797d3405cac96ac7f61d80e6a644f72a3309607282fe8a2010c5d", size = 319745, upload-time = "2026-07-25T15:12:07.385Z" }
wheels = [
    { url = "https://files.pythonhosted.org/packages/0f/7b/39c34ca613b0b198cb866466651b26b045e2009864c5183c979a3b83f383/pytz-2026.3.post1-py2.py3-none-any.whl", hash = "sha256:dd95840dd199baea12d9cc096a1d452caa6596a1c1e4b5f3dbd1541855d5e815", size = 508283, upload-time = "2026-07-25T15:12:05.782Z" },
]
